
Microsoft Visual Studio Solution File, Format Version 12.00
# Visual Studio Version 17
VisualStudioVersion = 17.7.34202.233
MinimumVisualStudioVersion = 10.0.40219.1
Project("{FAE04EC0-301F-11D3-BF4B-00C04F79EFBC}") = "LINQToObjectDemo", "LINQToObjectDemo\LINQToObjectDemo.csproj", "{DFCB95DD-FA58-4099-88FD-DF51E9A42CB6}"
EndProject
Global
	GlobalSection(SolutionConfigurationPlatforms) = preSolution
		Debug|Any CPU = Debug|Any CPU
		Release|Any CPU = Release|Any CPU
	EndGlobalSection
	GlobalSection(ProjectConfigurationPlatforms) = postSolution
		{DFCB95DD-FA58-4099-88FD-DF51E9A42CB6}.Debug|Any CPU.ActiveCfg = Debug|Any CPU
		{DFCB95DD-FA58-4099-88FD-DF51E9A42CB6}.Debug|Any CPU.Build.0 = Debug|Any CPU
		{DFCB95DD-FA58-4099-88FD-DF51E9A42CB6}.Release|Any CPU.ActiveCfg = Release|Any CPU
		{DFCB95DD-FA58-4099-88FD-DF51E9A42CB6}.Release|Any CPU.Build.0 = Release|Any CPU
	EndGlobalSection
	GlobalSection(SolutionProperties) = preSolution
		HideSolutionNode = FALSE
	EndGlobalSection
	GlobalSection(ExtensibilityGlobals) = postSolution
		SolutionGuid = {2BE22EC2-0CD1-4579-B0B9-94392B4EB9D4}
	EndGlobalSection
EndGlobal
